# This file is autogenerated, do not edit; changes may be undone by the next 'dep ensure'.


[[projects]]
  branch = "master"
  digest = "1:caf5b6526ab478df1debb4048cc99489d3954975457c4ba63441f489c9053ea2"
  name = "github.com/bitrise-io/go-steputils"
  packages = ["stepconf"]
  pruneopts = "UT"
  revision = "94490ca44ddb645764676a94988f6fc7e3187383"

[[projects]]
  branch = "master"
  digest = "1:132ae4166c8635a9c5beec1ed98b0ac492be808a0404047ad821b6ca3d5dc37d"
  name = "github.com/bitrise-io/go-utils"
  packages = [
    "colorstring",
    "command",
    "errorutil",
    "fileutil",
    "log",
    "parseutil",
    "pathutil",
    "pointers",
  ]
  pruneopts = "UT"
  revision = "e212188d99b41373b4ff8b69e7b1f677bc427bde"

[[projects]]
  branch = "master"
  digest = "1:a64dc5d68ddf98fdc8d625d73b0441372cef930d108c527c470047e1b52d7655"
  name = "github.com/bitrise-io/testresultexport"
  packages = ["testresultexport"]
  pruneopts = "UT"
  revision = "3a8a4bb59cdb82a91897460759754d9774c95a56"

[[projects]]
  digest = "1:6baa565fe16f8657cf93469b2b8a6c61a277827734400d27e44d589547297279"
  name = "github.com/ryanuber/go-glob"
  packages = ["."]
  pruneopts = "UT"
  revision = "51a8f68e6c24dc43f1e371749c89a267de4ebc53"
  version = "v1.0.0"

[solve-meta]
  analyzer-name = "dep"
  analyzer-version = 1
  input-imports = [
    "github.com/bitrise-io/go-steputils/stepconf",
    "github.com/bitrise-io/go-utils/colorstring",
    "github.com/bitrise-io/go-utils/log",
    "github.com/bitrise-io/testresultexport/testresultexport",
    "github.com/ryanuber/go-glob",
  ]
  solver-name = "gps-cdcl"
  solver-version = 1
